{
  "name": "new-smartplanner-backend",
  "version": "1.0.0",
  "lockfileVersion": 1,
  "requires": true,
  "dependencies": {
    "@angular/core": {
      "version": "2.4.10",
      "resolved": "https://registry.npmjs.org/@angular/core/-/core-2.4.10.tgz",
      "integrity": "sha1-C4MgplBlll2ZhkWx9c0892m0Qeo="
    },
    "angular": {
      "version": "1.7.9",
      "resolved": "https://registry.npmjs.org/angular/-/angular-1.7.9.tgz",
      "integrity": "sha512-5se7ZpcOtu0MBFlzGv5dsM1quQDoDeUTwZrWjGtTNA7O88cD8TEk5IEKCTDa3uECV9XnvKREVUr7du1ACiWGFQ=="
    },
    "angular-animate": {
      "version": "1.7.0",
      "resolved": "https://registry.npmjs.org/angular-animate/-/angular-animate-1.7.0.tgz",
      "integrity": "sha512-508uYJLhcX85cKqOlp3stzv1WEnlEtKPGC2J1ljn8sxhwUhENWte2lGI8DJev26Lsk5dHpinBSJC/J0f7jj53w=="
    },
    "angular-aria": {
      "version": "1.7.0",
      "resolved": "https://registry.npmjs.org/angular-aria/-/angular-aria-1.7.0.tgz",
      "integrity": "sha512-Va2FxLqXRfNGHd7BO49PrAPVUKo3k8bIpfNDp+TF+e2W14hfiyb0CxLdg+jgUatzIsg/+dCWnuEhCd062XOQvg=="
    },
    "angular-credit-cards": {
      "version": "3.1.8",
      "resolved": "https://registry.npmjs.org/angular-credit-cards/-/angular-credit-cards-3.1.8.tgz",
      "integrity": "sha512-jQWFcBrj2d/waGvrmSH2MPmMD4ksz6+iOEbrb0pDHCgKgRFbrwLoBoku9eg8MRWs07ei5gFB1XBE1nv1xAIdAw==",
      "requires": {
        "ap": "~0.2.0",
        "cast-array": "~1.0.1",
        "creditcards": "~2.1.0",
        "function-bind": "~1.1.0"
      }
    },
    "angular-local-storage": {
      "version": "0.7.1",
      "resolved": "https://registry.npmjs.org/angular-local-storage/-/angular-local-storage-0.7.1.tgz",
      "integrity": "sha1-+9JzB2PCn6mvVyXgGGx4BiHozdI="
    },
    "angular-messages": {
      "version": "1.7.2",
      "resolved": "https://registry.npmjs.org/angular-messages/-/angular-messages-1.7.2.tgz",
      "integrity": "sha512-hLBZAApHpemfTN3IsItSczrLVm+6sAIn9XRV5PEFKBmfqE1umAmPAeFByfy9DLebJyR17rcFQ5qMj/KZk0ZtBA=="
    },
    "angularjs-stripe-elements": {
      "version": "1.0.1",
      "resolved": "https://registry.npmjs.org/angularjs-stripe-elements/-/angularjs-stripe-elements-1.0.1.tgz",
      "integrity": "sha512-DtsMR3xu1JnCjnPWxlldeNQIu4Afnq1VnD7Yt0YziUtVHz+TYFD5sx9V/IdQJu66/snPp//pgdpE6YakI6kyPg=="
    },
    "ap": {
      "version": "0.2.0",
      "resolved": "https://registry.npmjs.org/ap/-/ap-0.2.0.tgz",
      "integrity": "sha1-rglCYAspkS8NKxTsYMRejzMLYRA="
    },
    "cast-array": {
      "version": "1.0.1",
      "resolved": "https://registry.npmjs.org/cast-array/-/cast-array-1.0.1.tgz",
      "integrity": "sha1-Jk7xEp5YiLxIysQP6RTp9puNGJ0=",
      "requires": {
        "isarray": "0.0.1"
      }
    },
    "checklist-model": {
      "version": "1.0.0",
      "resolved": "https://registry.npmjs.org/checklist-model/-/checklist-model-1.0.0.tgz",
      "integrity": "sha512-ZDaTrfKeUSleZjyNqTjD1+QKU6iK1qlXH1GwixX59xEKPiRFu4anDh0U8brNjjEef+SM6vyQb87YWhI5CU8eNg=="
    },
    "creditcards": {
      "version": "2.1.2",
      "resolved": "https://registry.npmjs.org/creditcards/-/creditcards-2.1.2.tgz",
      "integrity": "sha1-XQ9ukRhBctO21X2MXa79EGXHy24=",
      "requires": {
        "creditcards-types": "~1.6.0",
        "fast-luhn": "~1.0.1",
        "is-valid-month": "~1.0.0",
        "parse-int": "^1.0.0",
        "parse-year": "^1.0.0",
        "to-camel-case": "~1.0.0",
        "xtend": "~4.0.0"
      }
    },
    "creditcards-types": {
      "version": "1.6.2",
      "resolved": "https://registry.npmjs.org/creditcards-types/-/creditcards-types-1.6.2.tgz",
      "integrity": "sha1-W+bKy8rMPiCtI40oeexYYPRn8c0=",
      "requires": {
        "xtend": "~4.0.0"
      }
    },
    "expand-year": {
      "version": "1.0.0",
      "resolved": "https://registry.npmjs.org/expand-year/-/expand-year-1.0.0.tgz",
      "integrity": "sha1-rd7sCl7fXtVPbAdItkH9SJMCapM=",
      "requires": {
        "parse-int": "^1.0.0",
        "zero-fill": "^2.2.1"
      }
    },
    "fast-luhn": {
      "version": "1.0.4",
      "resolved": "https://registry.npmjs.org/fast-luhn/-/fast-luhn-1.0.4.tgz",
      "integrity": "sha512-TukISTtdVBSykwFKdXWHNRQWaezelkjpyx+pDkTOKM9r5vnYUlcblYpsA5GLfNpqSj9gXEOVNA43OwqPDK/7Og=="
    },
    "function-bind": {
      "version": "1.1.1",
      "resolved": "https://registry.npmjs.org/function-bind/-/function-bind-1.1.1.tgz",
      "integrity": "sha512-yIovAzMX49sF8Yl58fSCWJ5svSLuaibPxXQJFLmBObTuCr0Mf1KiPopGM9NiFjiYBCbfaa2Fh6breQ6ANVTI0A=="
    },
    "is-finite": {
      "version": "1.0.2",
      "resolved": "https://registry.npmjs.org/is-finite/-/is-finite-1.0.2.tgz",
      "integrity": "sha1-zGZ3aVYCvlUO8R6LSqYwU0K20Ko=",
      "requires": {
        "number-is-nan": "^1.0.0"
      }
    },
    "is-integer": {
      "version": "1.0.7",
      "resolved": "https://registry.npmjs.org/is-integer/-/is-integer-1.0.7.tgz",
      "integrity": "sha1-a96Bqs3feLZZtmKdYpytxRqIbVw=",
      "requires": {
        "is-finite": "^1.0.0"
      }
    },
    "is-stream": {
      "version": "1.1.0",
      "resolved": "https://registry.npmjs.org/is-stream/-/is-stream-1.1.0.tgz",
      "integrity": "sha1-EtSj3U5o4Lec6428hBc66A2RykQ="
    },
    "is-valid-month": {
      "version": "1.0.0",
      "resolved": "https://registry.npmjs.org/is-valid-month/-/is-valid-month-1.0.0.tgz",
      "integrity": "sha1-VgloaRDi2tgOusg/CjSXg0klbJk=",
      "requires": {
        "is-integer": "~1.0.4"
      }
    },
    "isarray": {
      "version": "0.0.1",
      "resolved": "https://registry.npmjs.org/isarray/-/isarray-0.0.1.tgz",
      "integrity": "sha1-ihis/Kmo9Bd+Cav8YDiTmwXR7t8="
    },
    "jquery": {
      "version": "3.5.1",
      "resolved": "https://registry.npmjs.org/jquery/-/jquery-3.5.1.tgz",
      "integrity": "sha512-XwIBPqcMn57FxfT+Go5pzySnm4KWkT1Tv7gjrpT1srtf8Weynl6R273VJ5GjkRb51IzMp5nbaPjJXMWeju2MKg=="
    },
    "jquery-mousewheel": {
      "version": "3.1.13",
      "resolved": "https://registry.npmjs.org/jquery-mousewheel/-/jquery-mousewheel-3.1.13.tgz",
      "integrity": "sha1-BvAzXxbjU6aV5yBr9QUDy1I6buU="
    },
    "malihu-custom-scrollbar-plugin": {
      "version": "3.1.5",
      "resolved": "https://registry.npmjs.org/malihu-custom-scrollbar-plugin/-/malihu-custom-scrollbar-plugin-3.1.5.tgz",
      "integrity": "sha1-MQzsxeWUFaHCnp37XStuAdZqKe8=",
      "requires": {
        "jquery-mousewheel": ">=3.0.6"
      }
    },
    "ng-dialog": {
      "version": "1.4.0",
      "resolved": "https://registry.npmjs.org/ng-dialog/-/ng-dialog-1.4.0.tgz",
      "integrity": "sha1-P4EzDnyqxhTpn7zrdvMEv4IMQT4="
    },
    "number-is-nan": {
      "version": "1.0.1",
      "resolved": "https://registry.npmjs.org/number-is-nan/-/number-is-nan-1.0.1.tgz",
      "integrity": "sha1-CXtgK1NCKlIsGvuHkDGDNpQaAR0="
    },
    "parse-int": {
      "version": "1.0.3",
      "resolved": "https://registry.npmjs.org/parse-int/-/parse-int-1.0.3.tgz",
      "integrity": "sha512-TfDLnW/E7Hu53nxclRtgCvvjCyA+iRqlzEbpDDRpTFSc1ovRSL/EDpgpRaEhxrGOx2w1k9bkE189FXt6PnOUUQ==",
      "requires": {
        "is-integer": "^1.0.4"
      }
    },
    "parse-year": {
      "version": "1.0.0",
      "resolved": "https://registry.npmjs.org/parse-year/-/parse-year-1.0.0.tgz",
      "integrity": "sha1-XB+Hh7Z8xY2uqHuKgDLu4uQtOIs=",
      "requires": {
        "expand-year": "^1.0.0",
        "parse-int": "^1.0.0"
      }
    },
    "popper.js": {
      "version": "1.15.0",
      "resolved": "https://registry.npmjs.org/popper.js/-/popper.js-1.15.0.tgz",
      "integrity": "sha512-w010cY1oCUmI+9KwwlWki+r5jxKfTFDVoadl7MSrIujHU5MJ5OR6HTDj6Xo8aoR/QsA56x8jKjA59qGH4ELtrA=="
    },
    "rxjs": {
      "version": "5.5.12",
      "resolved": "https://registry.npmjs.org/rxjs/-/rxjs-5.5.12.tgz",
      "integrity": "sha512-xx2itnL5sBbqeeiVgNPVuQQ1nC8Jp2WfNJhXWHmElW9YmrpS9UVnNzhP3EH3HFqexO5Tlp8GhYY+WEcqcVMvGw==",
      "requires": {
        "symbol-observable": "1.0.1"
      }
    },
    "slang": {
      "version": "0.3.0",
      "resolved": "https://registry.npmjs.org/slang/-/slang-0.3.0.tgz",
      "integrity": "sha1-E691tPDAGMaoGT1wT2WyO+T7q9w="
    },
    "symbol-observable": {
      "version": "1.0.1",
      "resolved": "https://registry.npmjs.org/symbol-observable/-/symbol-observable-1.0.1.tgz",
      "integrity": "sha1-g0D8RwLDEi310iKI+IKD9RPT/dQ="
    },
    "to-camel-case": {
      "version": "1.0.0",
      "resolved": "https://registry.npmjs.org/to-camel-case/-/to-camel-case-1.0.0.tgz",
      "integrity": "sha1-GlYFSy+daWKYzmamCJcyK29CPkY=",
      "requires": {
        "to-space-case": "^1.0.0"
      }
    },
    "to-no-case": {
      "version": "1.0.2",
      "resolved": "https://registry.npmjs.org/to-no-case/-/to-no-case-1.0.2.tgz",
      "integrity": "sha1-xyKQcWTvaxeBMsjmmTAhLRtKoWo="
    },
    "to-space-case": {
      "version": "1.0.0",
      "resolved": "https://registry.npmjs.org/to-space-case/-/to-space-case-1.0.0.tgz",
      "integrity": "sha1-sFLar7Gysp3HcM6gFj5ewOvJ/Bc=",
      "requires": {
        "to-no-case": "^1.0.0"
      }
    },
    "wkhtmltopdf": {
      "version": "0.3.4",
      "resolved": "https://registry.npmjs.org/wkhtmltopdf/-/wkhtmltopdf-0.3.4.tgz",
      "integrity": "sha1-4ttUKn3CJIAyvxNnVLXN188oFfA=",
      "requires": {
        "is-stream": "^1.0.1",
        "slang": ">=0.2"
      }
    },
    "xtend": {
      "version": "4.0.2",
      "resolved": "https://registry.npmjs.org/xtend/-/xtend-4.0.2.tgz",
      "integrity": "sha512-LKYU1iAXJXUgAXn9URjiu+MWhyUXHsvfp7mcuYm9dSUKK0/CjtrUwFAxD82/mCWbtLsGjFIad0wIsod4zrTAEQ=="
    },
    "zero-fill": {
      "version": "2.2.3",
      "resolved": "https://registry.npmjs.org/zero-fill/-/zero-fill-2.2.3.tgz",
      "integrity": "sha1-o97wa6XjmuZEhQu0yirUEStIVek="
    },
    "zone.js": {
      "version": "0.7.8",
      "resolved": "https://registry.npmjs.org/zone.js/-/zone.js-0.7.8.tgz",
      "integrity": "sha1-Tz/og01EWX8mOQU6D6Q43zT//e0="
    }
  }
}
